
Microsoft Visual Studio Solution File, Format Version 12.00
# Visual Studio Version 17
VisualStudioVersion = 17.10.34928.147
MinimumVisualStudioVersion = 10.0.40219.1
Project("{FAE04EC0-301F-11D3-BF4B-00C04F79EFBC}") = "Talabat.API", "Talabat.API.csproj", "{332CF3A4-8E02-4B07-8AFD-5A2D976CAB33}"
EndProject
Project("{FAE04EC0-301F-11D3-BF4B-00C04F79EFBC}") = "Talabat.Core", "..\Talabat.Core\Talabat.Core.csproj", "{CDD392C5-6427-4245-8FAF-7149AD8984E8}"
EndProject
Project("{FAE04EC0-301F-11D3-BF4B-00C04F79EFBC}") = "Talabat.Repository", "..\Talabat.Repository\Talabat.Repository.csproj", "{1BD52264-C060-42E9-A64D-C81C9A9BE4A5}"
EndProject
Project("{FAE04EC0-301F-11D3-BF4B-00C04F79EFBC}") = "Talabat.Services", "..\Talabat.Services\Talabat.Services.csproj", "{23C4D9AD-B375-4E59-BD9B-1449D38C1668}"
EndProject
Global
	GlobalSection(SolutionConfigurationPlatforms) = preSolution
		Debug|Any CPU = Debug|Any CPU
		Release|Any CPU = Release|Any CPU
	EndGlobalSection
	GlobalSection(ProjectConfigurationPlatforms) = postSolution
		{332CF3A4-8E02-4B07-8AFD-5A2D976CAB33}.Debug|Any CPU.ActiveCfg = Debug|Any CPU
		{332CF3A4-8E02-4B07-8AFD-5A2D976CAB33}.Debug|Any CPU.Build.0 = Debug|Any CPU
		{332CF3A4-8E02-4B07-8AFD-5A2D976CAB33}.Release|Any CPU.ActiveCfg = Release|Any CPU
		{332CF3A4-8E02-4B07-8AFD-5A2D976CAB33}.Release|Any CPU.Build.0 = Release|Any CPU
		{CDD392C5-6427-4245-8FAF-7149AD8984E8}.Debug|Any CPU.ActiveCfg = Debug|Any CPU
		{CDD392C5-6427-4245-8FAF-7149AD8984E8}.Debug|Any CPU.Build.0 = Debug|Any CPU
		{CDD392C5-6427-4245-8FAF-7149AD8984E8}.Release|Any CPU.ActiveCfg = Release|Any CPU
		{CDD392C5-6427-4245-8FAF-7149AD8984E8}.Release|Any CPU.Build.0 = Release|Any CPU
		{1BD52264-C060-42E9-A64D-C81C9A9BE4A5}.Debug|Any CPU.ActiveCfg = Debug|Any CPU
		{1BD52264-C060-42E9-A64D-C81C9A9BE4A5}.Debug|Any CPU.Build.0 = Debug|Any CPU
		{1BD52264-C060-42E9-A64D-C81C9A9BE4A5}.Release|Any CPU.ActiveCfg = Release|Any CPU
		{1BD52264-C060-42E9-A64D-C81C9A9BE4A5}.Release|Any CPU.Build.0 = Release|Any CPU
		{23C4D9AD-B375-4E59-BD9B-1449D38C1668}.Debug|Any CPU.ActiveCfg = Debug|Any CPU
		{23C4D9AD-B375-4E59-BD9B-1449D38C1668}.Debug|Any CPU.Build.0 = Debug|Any CPU
		{23C4D9AD-B375-4E59-BD9B-1449D38C1668}.Release|Any CPU.ActiveCfg = Release|Any CPU
		{23C4D9AD-B375-4E59-BD9B-1449D38C1668}.Release|Any CPU.Build.0 = Release|Any CPU
	EndGlobalSection
	GlobalSection(SolutionProperties) = preSolution
		HideSolutionNode = FALSE
	EndGlobalSection
	GlobalSection(ExtensibilityGlobals) = postSolution
		SolutionGuid = {39518885-7323-4281-A85E-E3AFC7E55C8D}
	EndGlobalSection
EndGlobal
